{
    "_meta": {
        "hash": {
            "sha256": "87dde8346c442070e6d1b8e4e2b6b7f99c2f40ed8cb3815d52988e09a81aa66e"
        },
        "pipfile-spec": 6,
        "requires": {
            "python_version": "3.7"
        },
        "sources": [
            {
                "name": "pypi",
                "url": "https://pypi.org/simple",
                "verify_ssl": true
            }
        ]
    },
    "default": {
        "pycolor": {
            "hashes": [
                "sha256:37e74d7d8f96a7f29446fd81dad6de7e1cb8e39d627ded03a41a3a0a13732f6d",
                "sha256:dbd8cb9a293bc95c96fca416b9f542f68bc4a3c2437c681ce460fb9518a936e1"
            ],
            "index": "pypi",
            "version": "==1.2.1"
        }
    },
    "develop": {}
}
